
Microsoft Visual Studio Solution File, Format Version 12.00
Project("{2150E333-8FDC-42A3-9474-1A3956D46DE8}") = "src", "src", "{7F9B5426-21B6-49B6-AD77-A9BFB118CEFC}"
EndProject
Project("{2150E333-8FDC-42A3-9474-1A3956D46DE8}") = "SolutionItems", "SolutionItems", "{AD5EAB39-CFAF-4D97-BF2B-9304ACC10C52}"
EndProject
Project("{2150E333-8FDC-42A3-9474-1A3956D46DE8}") = "Services", "Services", "{42AB7CBC-A472-44C5-ACE0-681E55E9E2F0}"
EndProject
Project("{2150E333-8FDC-42A3-9474-1A3956D46DE8}") = "Researcher", "Researcher", "{5C8D87CF-DE3F-4B44-9C4B-5A43F78C3417}"
EndProject
Project("{2150E333-8FDC-42A3-9474-1A3956D46DE8}") = "Domain", "Domain", "{20CC9F08-0232-4BBD-BF4B-3482A46C95E5}"
EndProject
Project("{2150E333-8FDC-42A3-9474-1A3956D46DE8}") = "Application", "Application", "{2F13F019-226B-447B-9F91-9C6C27B475BF}"
EndProject
Project("{2150E333-8FDC-42A3-9474-1A3956D46DE8}") = "Infrastructure", "Infrastructure", "{49B77368-9F77-475B-857F-1F156C1C4DCE}"
EndProject
Project("{FAE04EC0-301F-11D3-BF4B-00C04F79EFBC}") = "Researcher.Domain", "src\Services\Researcher\Domain\Researcher.Domain\Researcher.Domain.csproj", "{A9B95738-9A28-4995-BA85-5D5FED9775FB}"
EndProject
Project("{2150E333-8FDC-42A3-9474-1A3956D46DE8}") = "Tests", "Tests", "{84F3A0D0-1C71-40E6-81CB-95D832519046}"
EndProject
Project("{FAE04EC0-301F-11D3-BF4B-00C04F79EFBC}") = "Researcher.Tests.Unit", "src\Services\Researcher\Tests\Researcher.Tests.Unit\Researcher.Tests.Unit.csproj", "{F1B1E887-E7CD-452A-AF72-ECD85B531411}"
EndProject
Project("{FAE04EC0-301F-11D3-BF4B-00C04F79EFBC}") = "Researcher.Application", "src\Services\Researcher\Application\Researcher.Application\Researcher.Application.csproj", "{CAABB8CC-A119-429A-810F-05BBB7CFCDD2}"
EndProject
Project("{FAE04EC0-301F-11D3-BF4B-00C04F79EFBC}") = "Researcher.Infrastructure.DAL", "src\Services\Researcher\Infrastrcuture\Researcher.Infrastructure.DAL\Researcher.Infrastructure.DAL.csproj", "{BEA22D73-EEDB-460D-9914-C90C47644205}"
EndProject
Project("{FAE04EC0-301F-11D3-BF4B-00C04F79EFBC}") = "Researcher.Api", "src\Services\Researcher\Infrastrcuture\Researcher.Api\Researcher.Api.csproj", "{05117454-D64E-42EA-8F7D-96287A13F3EA}"
EndProject
Global
	GlobalSection(SolutionConfigurationPlatforms) = preSolution
		Debug|Any CPU = Debug|Any CPU
		Release|Any CPU = Release|Any CPU
	EndGlobalSection
	GlobalSection(NestedProjects) = preSolution
		{42AB7CBC-A472-44C5-ACE0-681E55E9E2F0} = {7F9B5426-21B6-49B6-AD77-A9BFB118CEFC}
		{5C8D87CF-DE3F-4B44-9C4B-5A43F78C3417} = {42AB7CBC-A472-44C5-ACE0-681E55E9E2F0}
		{20CC9F08-0232-4BBD-BF4B-3482A46C95E5} = {5C8D87CF-DE3F-4B44-9C4B-5A43F78C3417}
		{2F13F019-226B-447B-9F91-9C6C27B475BF} = {5C8D87CF-DE3F-4B44-9C4B-5A43F78C3417}
		{49B77368-9F77-475B-857F-1F156C1C4DCE} = {5C8D87CF-DE3F-4B44-9C4B-5A43F78C3417}
		{A9B95738-9A28-4995-BA85-5D5FED9775FB} = {20CC9F08-0232-4BBD-BF4B-3482A46C95E5}
		{84F3A0D0-1C71-40E6-81CB-95D832519046} = {5C8D87CF-DE3F-4B44-9C4B-5A43F78C3417}
		{F1B1E887-E7CD-452A-AF72-ECD85B531411} = {84F3A0D0-1C71-40E6-81CB-95D832519046}
		{CAABB8CC-A119-429A-810F-05BBB7CFCDD2} = {2F13F019-226B-447B-9F91-9C6C27B475BF}
		{BEA22D73-EEDB-460D-9914-C90C47644205} = {49B77368-9F77-475B-857F-1F156C1C4DCE}
		{05117454-D64E-42EA-8F7D-96287A13F3EA} = {49B77368-9F77-475B-857F-1F156C1C4DCE}
	EndGlobalSection
	GlobalSection(ProjectConfigurationPlatforms) = postSolution
		{A9B95738-9A28-4995-BA85-5D5FED9775FB}.Debug|Any CPU.ActiveCfg = Debug|Any CPU
		{A9B95738-9A28-4995-BA85-5D5FED9775FB}.Debug|Any CPU.Build.0 = Debug|Any CPU
		{A9B95738-9A28-4995-BA85-5D5FED9775FB}.Release|Any CPU.ActiveCfg = Release|Any CPU
		{A9B95738-9A28-4995-BA85-5D5FED9775FB}.Release|Any CPU.Build.0 = Release|Any CPU
		{F1B1E887-E7CD-452A-AF72-ECD85B531411}.Debug|Any CPU.ActiveCfg = Debug|Any CPU
		{F1B1E887-E7CD-452A-AF72-ECD85B531411}.Debug|Any CPU.Build.0 = Debug|Any CPU
		{F1B1E887-E7CD-452A-AF72-ECD85B531411}.Release|Any CPU.ActiveCfg = Release|Any CPU
		{F1B1E887-E7CD-452A-AF72-ECD85B531411}.Release|Any CPU.Build.0 = Release|Any CPU
		{CAABB8CC-A119-429A-810F-05BBB7CFCDD2}.Debug|Any CPU.ActiveCfg = Debug|Any CPU
		{CAABB8CC-A119-429A-810F-05BBB7CFCDD2}.Debug|Any CPU.Build.0 = Debug|Any CPU
		{CAABB8CC-A119-429A-810F-05BBB7CFCDD2}.Release|Any CPU.ActiveCfg = Release|Any CPU
		{CAABB8CC-A119-429A-810F-05BBB7CFCDD2}.Release|Any CPU.Build.0 = Release|Any CPU
		{BEA22D73-EEDB-460D-9914-C90C47644205}.Debug|Any CPU.ActiveCfg = Debug|Any CPU
		{BEA22D73-EEDB-460D-9914-C90C47644205}.Debug|Any CPU.Build.0 = Debug|Any CPU
		{BEA22D73-EEDB-460D-9914-C90C47644205}.Release|Any CPU.ActiveCfg = Release|Any CPU
		{BEA22D73-EEDB-460D-9914-C90C47644205}.Release|Any CPU.Build.0 = Release|Any CPU
		{05117454-D64E-42EA-8F7D-96287A13F3EA}.Debug|Any CPU.ActiveCfg = Debug|Any CPU
		{05117454-D64E-42EA-8F7D-96287A13F3EA}.Debug|Any CPU.Build.0 = Debug|Any CPU
		{05117454-D64E-42EA-8F7D-96287A13F3EA}.Release|Any CPU.ActiveCfg = Release|Any CPU
		{05117454-D64E-42EA-8F7D-96287A13F3EA}.Release|Any CPU.Build.0 = Release|Any CPU
	EndGlobalSection
EndGlobal
